<?xml version="1.0" encoding="UTF-8"?>
<Scheme
   LastUpgradeVersion = "0630"
   version = "2.0">
   <BuildAction
      parallelizeBuildables = "YES"
      buildImplicitDependencies = "YES">
      <BuildActionEntries>
         <BuildActionEntry
            buildForTesting = "YES"
            buildForRunning = "YES"
            buildForProfiling = "YES"
            buildForArchiving = "YES"
            buildForAnalyzing = "YES">
            <BuildableReference
               BuildableIdentifier = "primary"
               BlueprintIdentifier = "29DDC92A1ADF20240091FD0C"
               BuildableName = "Swiftagram WatchKit App.app"
               BlueprintName = "Swiftagram WatchKit App"
               ReferencedContainer = "container:Swiftagram.xcodeproj">
            </BuildableReference>
         </BuildActionEntry>
         <BuildActionEntry
            buildForTesting = "YES"
            buildForRunning = "YES"
            buildForProfiling = "YES"
            buildForArchiving = "YES"
            buildForAnalyzing = "YES">
            <BuildableReference
               BuildableIdentifier = "primary"
               BlueprintIdentifier = "29E582A61AB382960072173E"
               BuildableName = "Swiftagram.app"
               BlueprintName = "Swiftagram"
               ReferencedContainer = "container:Swiftagram.xcodeproj">
            </BuildableReference>
         </BuildActionEntry>
         <BuildActionEntry
            buildForTesting = "YES"
            buildForRunning = "YES"
            buildForProfiling = "YES"
            buildForArchiving = "YES"
            buildForAnalyzing = "YES">
            <BuildableReference
               BuildableIdentifier = "primary"
               BlueprintIdentifier = "29DDC91B1ADF20240091FD0C"
               BuildableName = "Swiftagram WatchKit Extension.appex"
               BlueprintName = "Swiftagram WatchKit Extension"
               ReferencedContainer = "container:Swiftagram.xcodeproj">
            </BuildableReference>
         </BuildActionEntry>
      </BuildActionEntries>
   </BuildAction>
   <TestAction
      selectedDebuggerIdentifier = "Xcode.DebuggerFoundation.Debugger.LLDB"
      selectedLauncherIdentifier = "Xcode.DebuggerFoundation.Launcher.LLDB"
      shouldUseLaunchSchemeArgsEnv = "YES"
      buildConfiguration = "Debug">
      <Testables>
      </Testables>
      <MacroExpansion>
         <BuildableReference
            BuildableIdentifier = "primary"
            BlueprintIdentifier = "29DDC92A1ADF20240091FD0C"
            BuildableName = "Swiftagram WatchKit App.app"
            BlueprintName = "Swiftagram WatchKit App"
            ReferencedContainer = "container:Swiftagram.xcodeproj">
         </BuildableReference>
      </MacroExpansion>
   </TestAction>
   <LaunchAction
      selectedDebuggerIdentifier = "Xcode.DebuggerFoundation.Debugger.LLDB"
      selectedLauncherIdentifier = "Xcode.DebuggerFoundation.Launcher.LLDB"
      launchStyle = "0"
      useCustomWorkingDirectory = "NO"
      buildConfiguration = "Debug"
      ignoresPersistentStateOnLaunch = "NO"
      debugDocumentVersioning = "YES"
      allowLocationSimulation = "YES"
      launchAutomaticallySubstyle = "8"
      notificationPayloadFile = "Swiftagram WatchKit Extension/PushNotificationPayload.apns">
      <RemoteRunnable
         runnableDebuggingMode = "2"
         BundleIdentifier = "com.apple.springboard"
         RemotePath = "/Swiftagram">
         <BuildableReference
            BuildableIdentifier = "primary"
            BlueprintIdentifier = "29DDC92A1ADF20240091FD0C"
            BuildableName = "Swiftagram WatchKit App.app"
            BlueprintName = "Swiftagram WatchKit App"
            ReferencedContainer = "container:Swiftagram.xcodeproj">
         </BuildableReference>
      </RemoteRunnable>
      <MacroExpansion>
         <BuildableReference
            BuildableIdentifier = "primary"
            BlueprintIdentifier = "29DDC92A1ADF20240091FD0C"
            BuildableName = "Swiftagram WatchKit App.app"
            BlueprintName = "Swiftagram WatchKit App"
            ReferencedContainer = "container:Swiftagram.xcodeproj">
         </BuildableReference>
      </MacroExpansion>
      <AdditionalOptions>
      </AdditionalOptions>
   </LaunchAction>
   <ProfileAction
      shouldUseLaunchSchemeArgsEnv = "YES"
      savedToolIdentifier = ""
      useCustomWorkingDirectory = "NO"
      buildConfiguration = "Release"
      debugDocumentVersioning = "YES"
      launchAutomaticallySubstyle = "8"
      notificationPayloadFile = "Swiftagram WatchKit Extension/PushNotificationPayload.apns">
      <RemoteRunnable
         runnableDebuggingMode = "2"
         BundleIdentifier = "com.apple.springboard"
         RemotePath = "/Swiftagram">
         <BuildableReference
            BuildableIdentifier = "primary"
            BlueprintIdentifier = "29DDC92A1ADF20240091FD0C"
            BuildableName = "Swiftagram WatchKit App.app"
            BlueprintName = "Swiftagram WatchKit App"
            ReferencedContainer = "container:Swiftagram.xcodeproj">
         </BuildableReference>
      </RemoteRunnable>
      <MacroExpansion>
         <BuildableReference
            BuildableIdentifier = "primary"
            BlueprintIdentifier = "29DDC92A1ADF20240091FD0C"
            BuildableName = "Swiftagram WatchKit App.app"
            BlueprintName = "Swiftagram WatchKit App"
            ReferencedContainer = "container:Swiftagram.xcodeproj">
         </BuildableReference>
      </MacroExpansion>
   </ProfileAction>
   <AnalyzeAction
      buildConfiguration = "Debug">
   </AnalyzeAction>
   <ArchiveAction
      buildConfiguration = "Release"
      revealArchiveInOrganizer = "YES">
   </ArchiveAction>
</Scheme>
